
Microsoft Visual Studio Solution File, Format Version 12.00
# Visual Studio Version 16
VisualStudioVersion = 16.0.32413.511
MinimumVisualStudioVersion = 10.0.40219.1
Project("{FAE04EC0-301F-11D3-BF4B-00C04F79EFBC}") = "CodeBase Test 1", "CodeBase Test 1\CodeBase Test 1.csproj", "{CCEE4C2D-48C1-4C23-A85F-42890C29EDA2}"
EndProject
Global
	GlobalSection(SolutionConfigurationPlatforms) = preSolution
		Debug|Any CPU = Debug|Any CPU
		Release|Any CPU = Release|Any CPU
	EndGlobalSection
	GlobalSection(ProjectConfigurationPlatforms) = postSolution
		{CCEE4C2D-48C1-4C23-A85F-42890C29EDA2}.Debug|Any CPU.ActiveCfg = Debug|Any CPU
		{CCEE4C2D-48C1-4C23-A85F-42890C29EDA2}.Debug|Any CPU.Build.0 = Debug|Any CPU
		{CCEE4C2D-48C1-4C23-A85F-42890C29EDA2}.Release|Any CPU.ActiveCfg = Release|Any CPU
		{CCEE4C2D-48C1-4C23-A85F-42890C29EDA2}.Release|Any CPU.Build.0 = Release|Any CPU
	EndGlobalSection
	GlobalSection(SolutionProperties) = preSolution
		HideSolutionNode = FALSE
	EndGlobalSection
	GlobalSection(ExtensibilityGlobals) = postSolution
		SolutionGuid = {3967CC4B-A097-46B1-9053-01452C84251D}
	EndGlobalSection
EndGlobal
