
Microsoft Visual Studio Solution File, Format Version 12.00
# Visual Studio Version 17
VisualStudioVersion = 17.1.32210.238
MinimumVisualStudioVersion = 10.0.40219.1
Project("{FAE04EC0-301F-11D3-BF4B-00C04F79EFBC}") = "PraticeProject5", "PraticeProject5\PraticeProject5.csproj", "{2F390525-ADA2-4B2C-B967-89CA9902E56D}"
EndProject
Global
	GlobalSection(SolutionConfigurationPlatforms) = preSolution
		Debug|Any CPU = Debug|Any CPU
		Release|Any CPU = Release|Any CPU
	EndGlobalSection
	GlobalSection(ProjectConfigurationPlatforms) = postSolution
		{2F390525-ADA2-4B2C-B967-89CA9902E56D}.Debug|Any CPU.ActiveCfg = Debug|Any CPU
		{2F390525-ADA2-4B2C-B967-89CA9902E56D}.Debug|Any CPU.Build.0 = Debug|Any CPU
		{2F390525-ADA2-4B2C-B967-89CA9902E56D}.Release|Any CPU.ActiveCfg = Release|Any CPU
		{2F390525-ADA2-4B2C-B967-89CA9902E56D}.Release|Any CPU.Build.0 = Release|Any CPU
	EndGlobalSection
	GlobalSection(SolutionProperties) = preSolution
		HideSolutionNode = FALSE
	EndGlobalSection
	GlobalSection(ExtensibilityGlobals) = postSolution
		SolutionGuid = {546CA92B-9872-49E8-976B-AB1FFC7493B2}
	EndGlobalSection
EndGlobal
