
Microsoft Visual Studio Solution File, Format Version 12.00
# Visual Studio Version 16
VisualStudioVersion = 16.0.32413.511
MinimumVisualStudioVersion = 10.0.40219.1
Project("{FAE04EC0-301F-11D3-BF4B-00C04F79EFBC}") = "Assignment5", "Assignment5\Assignment5.csproj", "{48A98E9F-4CA9-4A63-B981-EF017BDB56EC}"
EndProject
Global
	GlobalSection(SolutionConfigurationPlatforms) = preSolution
		Debug|Any CPU = Debug|Any CPU
		Release|Any CPU = Release|Any CPU
	EndGlobalSection
	GlobalSection(ProjectConfigurationPlatforms) = postSolution
		{48A98E9F-4CA9-4A63-B981-EF017BDB56EC}.Debug|Any CPU.ActiveCfg = Debug|Any CPU
		{48A98E9F-4CA9-4A63-B981-EF017BDB56EC}.Debug|Any CPU.Build.0 = Debug|Any CPU
		{48A98E9F-4CA9-4A63-B981-EF017BDB56EC}.Release|Any CPU.ActiveCfg = Release|Any CPU
		{48A98E9F-4CA9-4A63-B981-EF017BDB56EC}.Release|Any CPU.Build.0 = Release|Any CPU
	EndGlobalSection
	GlobalSection(SolutionProperties) = preSolution
		HideSolutionNode = FALSE
	EndGlobalSection
	GlobalSection(ExtensibilityGlobals) = postSolution
		SolutionGuid = {59FCB53C-DFA0-424B-A891-2C427CCA8550}
	EndGlobalSection
EndGlobal
