
Microsoft Visual Studio Solution File, Format Version 12.00
# Visual Studio Version 17
VisualStudioVersion = 17.1.32210.238
MinimumVisualStudioVersion = 10.0.40219.1
Project("{FAE04EC0-301F-11D3-BF4B-00C04F79EFBC}") = "Assignment2", "Assignment2\Assignment2.csproj", "{D87111E8-C1EF-4C24-AE62-AA74E2BCE89A}"
EndProject
Global
	GlobalSection(SolutionConfigurationPlatforms) = preSolution
		Debug|Any CPU = Debug|Any CPU
		Release|Any CPU = Release|Any CPU
	EndGlobalSection
	GlobalSection(ProjectConfigurationPlatforms) = postSolution
		{D87111E8-C1EF-4C24-AE62-AA74E2BCE89A}.Debug|Any CPU.ActiveCfg = Debug|Any CPU
		{D87111E8-C1EF-4C24-AE62-AA74E2BCE89A}.Debug|Any CPU.Build.0 = Debug|Any CPU
		{D87111E8-C1EF-4C24-AE62-AA74E2BCE89A}.Release|Any CPU.ActiveCfg = Release|Any CPU
		{D87111E8-C1EF-4C24-AE62-AA74E2BCE89A}.Release|Any CPU.Build.0 = Release|Any CPU
	EndGlobalSection
	GlobalSection(SolutionProperties) = preSolution
		HideSolutionNode = FALSE
	EndGlobalSection
	GlobalSection(ExtensibilityGlobals) = postSolution
		SolutionGuid = {B1146AF4-C922-44FD-A401-367C61126DDB}
	EndGlobalSection
EndGlobal
